
Microsoft Visual Studio Solution File, Format Version 12.00
# Visual Studio Version 17
VisualStudioVersion = 17.0.31903.59
MinimumVisualStudioVersion = 10.0.40219.1
Project("{2150E333-8FDC-42A3-9474-1A3956D46DE8}") = "UnitTest", "UnitTest", "{E0F1743E-80D8-4F86-80EA-AEB428F8FD9A}"
EndProject
Project("{9A19103F-16F7-4668-BE54-9A1E7A4F7556}") = "T-Shop.Domain.XUnitTest", "UnitTest\T-Shop.Domain.XUnitTest\T-Shop.Domain.XUnitTest.csproj", "{B51B2EED-0825-435B-B541-F61E5CB8F296}"
EndProject
Project("{9A19103F-16F7-4668-BE54-9A1E7A4F7556}") = "T-Shop.Infrastructure.XUnitTest", "UnitTest\T-Shop.Infrastructure.XUnitTest\T-Shop.Infrastructure.XUnitTest.csproj", "{99BD30C8-4E56-49D5-BED4-6E925B0BB025}"
EndProject
Project("{2150E333-8FDC-42A3-9474-1A3956D46DE8}") = "API", "API", "{59168C45-6598-4186-8F8F-AA1081B04B3D}"
EndProject
Project("{2150E333-8FDC-42A3-9474-1A3956D46DE8}") = "Client-MVC", "Client-MVC", "{76E926BE-438A-4D4B-9AB7-686EBFF91CCE}"
EndProject
Project("{9A19103F-16F7-4668-BE54-9A1E7A4F7556}") = "T_Shop.WebAPI", "API\T-Shop\T_Shop.WebAPI.csproj", "{E9AC4DCE-BDD4-4F7F-8019-4D086BF808F3}"
EndProject
Project("{9A19103F-16F7-4668-BE54-9A1E7A4F7556}") = "T-Shop.Application", "API\T-Shop.Application\T-Shop.Application.csproj", "{D0E2C0E5-BBD4-4FC1-8D59-33AE80A2A13B}"
EndProject
Project("{9A19103F-16F7-4668-BE54-9A1E7A4F7556}") = "T-Shop.Domain", "API\T-Shop.Domain\T-Shop.Domain.csproj", "{D8B9E310-710E-4C8C-8752-A127CEAB599A}"
EndProject
Project("{9A19103F-16F7-4668-BE54-9A1E7A4F7556}") = "T-Shop.Infrastructure", "API\T-Shop.Infrastructure\T-Shop.Infrastructure.csproj", "{B4DCA6CA-40DF-44A1-8460-14D661B4087A}"
EndProject
Project("{9A19103F-16F7-4668-BE54-9A1E7A4F7556}") = "T-Shop.Shared", "API\T-Shop.Shared\T-Shop.Shared.csproj", "{4E2B5A35-2E54-4503-8D81-EE0EC86EAE78}"
EndProject
Project("{9A19103F-16F7-4668-BE54-9A1E7A4F7556}") = "T-Shop.WebClient.MVC", "ClientWebsite-MVC\T-Shop.Client.MVC\T-Shop.WebClient.MVC.csproj", "{A1EBB51E-69C5-48E6-80C6-51DED1FFF455}"
EndProject
Project("{9A19103F-16F7-4668-BE54-9A1E7A4F7556}") = "T-Shop.Application.XUnitTest", "UnitTest\T-Shop.Application.XUnitTest\T-Shop.Application.XUnitTest.csproj", "{8AB477B5-51C2-4C6E-A9CB-981B4E01A740}"
EndProject
Project("{9A19103F-16F7-4668-BE54-9A1E7A4F7556}") = "T-Shop.WebAPI.XUnitTest", "UnitTest\T-Shop.WebAPI.XUnitTest\T-Shop.WebAPI.XUnitTest.csproj", "{F8B0C185-DE4E-4056-9A8D-6B65FFDA2E34}"
EndProject
Global
	GlobalSection(SolutionConfigurationPlatforms) = preSolution
		Debug|Any CPU = Debug|Any CPU
		Release|Any CPU = Release|Any CPU
	EndGlobalSection
	GlobalSection(ProjectConfigurationPlatforms) = postSolution
		{B51B2EED-0825-435B-B541-F61E5CB8F296}.Debug|Any CPU.ActiveCfg = Debug|Any CPU
		{B51B2EED-0825-435B-B541-F61E5CB8F296}.Debug|Any CPU.Build.0 = Debug|Any CPU
		{B51B2EED-0825-435B-B541-F61E5CB8F296}.Release|Any CPU.ActiveCfg = Release|Any CPU
		{B51B2EED-0825-435B-B541-F61E5CB8F296}.Release|Any CPU.Build.0 = Release|Any CPU
		{99BD30C8-4E56-49D5-BED4-6E925B0BB025}.Debug|Any CPU.ActiveCfg = Debug|Any CPU
		{99BD30C8-4E56-49D5-BED4-6E925B0BB025}.Debug|Any CPU.Build.0 = Debug|Any CPU
		{99BD30C8-4E56-49D5-BED4-6E925B0BB025}.Release|Any CPU.ActiveCfg = Release|Any CPU
		{99BD30C8-4E56-49D5-BED4-6E925B0BB025}.Release|Any CPU.Build.0 = Release|Any CPU
		{E9AC4DCE-BDD4-4F7F-8019-4D086BF808F3}.Debug|Any CPU.ActiveCfg = Debug|Any CPU
		{E9AC4DCE-BDD4-4F7F-8019-4D086BF808F3}.Debug|Any CPU.Build.0 = Debug|Any CPU
		{E9AC4DCE-BDD4-4F7F-8019-4D086BF808F3}.Release|Any CPU.ActiveCfg = Release|Any CPU
		{E9AC4DCE-BDD4-4F7F-8019-4D086BF808F3}.Release|Any CPU.Build.0 = Release|Any CPU
		{D0E2C0E5-BBD4-4FC1-8D59-33AE80A2A13B}.Debug|Any CPU.ActiveCfg = Debug|Any CPU
		{D0E2C0E5-BBD4-4FC1-8D59-33AE80A2A13B}.Debug|Any CPU.Build.0 = Debug|Any CPU
		{D0E2C0E5-BBD4-4FC1-8D59-33AE80A2A13B}.Release|Any CPU.ActiveCfg = Release|Any CPU
		{D0E2C0E5-BBD4-4FC1-8D59-33AE80A2A13B}.Release|Any CPU.Build.0 = Release|Any CPU
		{D8B9E310-710E-4C8C-8752-A127CEAB599A}.Debug|Any CPU.ActiveCfg = Debug|Any CPU
		{D8B9E310-710E-4C8C-8752-A127CEAB599A}.Debug|Any CPU.Build.0 = Debug|Any CPU
		{D8B9E310-710E-4C8C-8752-A127CEAB599A}.Release|Any CPU.ActiveCfg = Release|Any CPU
		{D8B9E310-710E-4C8C-8752-A127CEAB599A}.Release|Any CPU.Build.0 = Release|Any CPU
		{B4DCA6CA-40DF-44A1-8460-14D661B4087A}.Debug|Any CPU.ActiveCfg = Debug|Any CPU
		{B4DCA6CA-40DF-44A1-8460-14D661B4087A}.Debug|Any CPU.Build.0 = Debug|Any CPU
		{B4DCA6CA-40DF-44A1-8460-14D661B4087A}.Release|Any CPU.ActiveCfg = Release|Any CPU
		{B4DCA6CA-40DF-44A1-8460-14D661B4087A}.Release|Any CPU.Build.0 = Release|Any CPU
		{4E2B5A35-2E54-4503-8D81-EE0EC86EAE78}.Debug|Any CPU.ActiveCfg = Debug|Any CPU
		{4E2B5A35-2E54-4503-8D81-EE0EC86EAE78}.Debug|Any CPU.Build.0 = Debug|Any CPU
		{4E2B5A35-2E54-4503-8D81-EE0EC86EAE78}.Release|Any CPU.ActiveCfg = Release|Any CPU
		{4E2B5A35-2E54-4503-8D81-EE0EC86EAE78}.Release|Any CPU.Build.0 = Release|Any CPU
		{A1EBB51E-69C5-48E6-80C6-51DED1FFF455}.Debug|Any CPU.ActiveCfg = Debug|Any CPU
		{A1EBB51E-69C5-48E6-80C6-51DED1FFF455}.Debug|Any CPU.Build.0 = Debug|Any CPU
		{A1EBB51E-69C5-48E6-80C6-51DED1FFF455}.Release|Any CPU.ActiveCfg = Release|Any CPU
		{A1EBB51E-69C5-48E6-80C6-51DED1FFF455}.Release|Any CPU.Build.0 = Release|Any CPU
		{8AB477B5-51C2-4C6E-A9CB-981B4E01A740}.Debug|Any CPU.ActiveCfg = Debug|Any CPU
		{8AB477B5-51C2-4C6E-A9CB-981B4E01A740}.Debug|Any CPU.Build.0 = Debug|Any CPU
		{8AB477B5-51C2-4C6E-A9CB-981B4E01A740}.Release|Any CPU.ActiveCfg = Release|Any CPU
		{8AB477B5-51C2-4C6E-A9CB-981B4E01A740}.Release|Any CPU.Build.0 = Release|Any CPU
		{F8B0C185-DE4E-4056-9A8D-6B65FFDA2E34}.Debug|Any CPU.ActiveCfg = Debug|Any CPU
		{F8B0C185-DE4E-4056-9A8D-6B65FFDA2E34}.Debug|Any CPU.Build.0 = Debug|Any CPU
		{F8B0C185-DE4E-4056-9A8D-6B65FFDA2E34}.Release|Any CPU.ActiveCfg = Release|Any CPU
		{F8B0C185-DE4E-4056-9A8D-6B65FFDA2E34}.Release|Any CPU.Build.0 = Release|Any CPU
	EndGlobalSection
	GlobalSection(SolutionProperties) = preSolution
		HideSolutionNode = FALSE
	EndGlobalSection
	GlobalSection(NestedProjects) = preSolution
		{B51B2EED-0825-435B-B541-F61E5CB8F296} = {E0F1743E-80D8-4F86-80EA-AEB428F8FD9A}
		{99BD30C8-4E56-49D5-BED4-6E925B0BB025} = {E0F1743E-80D8-4F86-80EA-AEB428F8FD9A}
		{E9AC4DCE-BDD4-4F7F-8019-4D086BF808F3} = {59168C45-6598-4186-8F8F-AA1081B04B3D}
		{D0E2C0E5-BBD4-4FC1-8D59-33AE80A2A13B} = {59168C45-6598-4186-8F8F-AA1081B04B3D}
		{D8B9E310-710E-4C8C-8752-A127CEAB599A} = {59168C45-6598-4186-8F8F-AA1081B04B3D}
		{B4DCA6CA-40DF-44A1-8460-14D661B4087A} = {59168C45-6598-4186-8F8F-AA1081B04B3D}
		{4E2B5A35-2E54-4503-8D81-EE0EC86EAE78} = {59168C45-6598-4186-8F8F-AA1081B04B3D}
		{A1EBB51E-69C5-48E6-80C6-51DED1FFF455} = {76E926BE-438A-4D4B-9AB7-686EBFF91CCE}
		{8AB477B5-51C2-4C6E-A9CB-981B4E01A740} = {E0F1743E-80D8-4F86-80EA-AEB428F8FD9A}
		{F8B0C185-DE4E-4056-9A8D-6B65FFDA2E34} = {E0F1743E-80D8-4F86-80EA-AEB428F8FD9A}
	EndGlobalSection
	GlobalSection(ExtensibilityGlobals) = postSolution
		SolutionGuid = {4621BB20-7801-4F01-8FC9-B47123EA2200}
	EndGlobalSection
EndGlobal
