
Microsoft Visual Studio Solution File, Format Version 12.00
# Visual Studio Version 17
VisualStudioVersion = 17.9.34723.18
MinimumVisualStudioVersion = 10.0.40219.1
Project("{9A19103F-16F7-4668-BE54-9A1E7A4F7556}") = "T_Shop.WebAPI", "T-Shop\T_Shop.WebAPI.csproj", "{6C7656FD-FEFA-4F1A-A74F-9D6027BA7F3F}"
EndProject
Project("{9A19103F-16F7-4668-BE54-9A1E7A4F7556}") = "T-Shop.Domain", "T-Shop.Domain\T-Shop.Domain.csproj", "{8CEE390A-E0F5-407B-B8A6-71C065040932}"
EndProject
Project("{9A19103F-16F7-4668-BE54-9A1E7A4F7556}") = "T-Shop.Infrastructure", "T-Shop.Infrastructure\T-Shop.Infrastructure.csproj", "{C76270CA-20DB-4F54-A83E-7EA374356B1D}"
EndProject
Project("{9A19103F-16F7-4668-BE54-9A1E7A4F7556}") = "T-Shop.Application", "T-Shop.Application\T-Shop.Application.csproj", "{E394EA8E-A566-4635-9BB4-F6B9B996C65C}"
EndProject
Project("{9A19103F-16F7-4668-BE54-9A1E7A4F7556}") = "T-Shop.Shared", "T-Shop.Shared\T-Shop.Shared.csproj", "{5CDAD677-F0FF-4A01-8AD4-8F96CAC97FFA}"
EndProject
Project("{9A19103F-16F7-4668-BE54-9A1E7A4F7556}") = "T-Shop.WebClient.MVC", "T-Shop.Client.MVC\T-Shop.WebClient.MVC.csproj", "{79EB5A47-288C-4427-886D-727AD34483DB}"
EndProject
Global
	GlobalSection(SolutionConfigurationPlatforms) = preSolution
		Debug|Any CPU = Debug|Any CPU
		Release|Any CPU = Release|Any CPU
	EndGlobalSection
	GlobalSection(ProjectConfigurationPlatforms) = postSolution
		{6C7656FD-FEFA-4F1A-A74F-9D6027BA7F3F}.Debug|Any CPU.ActiveCfg = Debug|Any CPU
		{6C7656FD-FEFA-4F1A-A74F-9D6027BA7F3F}.Debug|Any CPU.Build.0 = Debug|Any CPU
		{6C7656FD-FEFA-4F1A-A74F-9D6027BA7F3F}.Release|Any CPU.ActiveCfg = Release|Any CPU
		{6C7656FD-FEFA-4F1A-A74F-9D6027BA7F3F}.Release|Any CPU.Build.0 = Release|Any CPU
		{8CEE390A-E0F5-407B-B8A6-71C065040932}.Debug|Any CPU.ActiveCfg = Debug|Any CPU
		{8CEE390A-E0F5-407B-B8A6-71C065040932}.Debug|Any CPU.Build.0 = Debug|Any CPU
		{8CEE390A-E0F5-407B-B8A6-71C065040932}.Release|Any CPU.ActiveCfg = Release|Any CPU
		{8CEE390A-E0F5-407B-B8A6-71C065040932}.Release|Any CPU.Build.0 = Release|Any CPU
		{C76270CA-20DB-4F54-A83E-7EA374356B1D}.Debug|Any CPU.ActiveCfg = Debug|Any CPU
		{C76270CA-20DB-4F54-A83E-7EA374356B1D}.Debug|Any CPU.Build.0 = Debug|Any CPU
		{C76270CA-20DB-4F54-A83E-7EA374356B1D}.Release|Any CPU.ActiveCfg = Release|Any CPU
		{C76270CA-20DB-4F54-A83E-7EA374356B1D}.Release|Any CPU.Build.0 = Release|Any CPU
		{E394EA8E-A566-4635-9BB4-F6B9B996C65C}.Debug|Any CPU.ActiveCfg = Debug|Any CPU
		{E394EA8E-A566-4635-9BB4-F6B9B996C65C}.Debug|Any CPU.Build.0 = Debug|Any CPU
		{E394EA8E-A566-4635-9BB4-F6B9B996C65C}.Release|Any CPU.ActiveCfg = Release|Any CPU
		{E394EA8E-A566-4635-9BB4-F6B9B996C65C}.Release|Any CPU.Build.0 = Release|Any CPU
		{5CDAD677-F0FF-4A01-8AD4-8F96CAC97FFA}.Debug|Any CPU.ActiveCfg = Debug|Any CPU
		{5CDAD677-F0FF-4A01-8AD4-8F96CAC97FFA}.Debug|Any CPU.Build.0 = Debug|Any CPU
		{5CDAD677-F0FF-4A01-8AD4-8F96CAC97FFA}.Release|Any CPU.ActiveCfg = Release|Any CPU
		{5CDAD677-F0FF-4A01-8AD4-8F96CAC97FFA}.Release|Any CPU.Build.0 = Release|Any CPU
		{79EB5A47-288C-4427-886D-727AD34483DB}.Debug|Any CPU.ActiveCfg = Debug|Any CPU
		{79EB5A47-288C-4427-886D-727AD34483DB}.Debug|Any CPU.Build.0 = Debug|Any CPU
		{79EB5A47-288C-4427-886D-727AD34483DB}.Release|Any CPU.ActiveCfg = Release|Any CPU
		{79EB5A47-288C-4427-886D-727AD34483DB}.Release|Any CPU.Build.0 = Release|Any CPU
	EndGlobalSection
	GlobalSection(SolutionProperties) = preSolution
		HideSolutionNode = FALSE
	EndGlobalSection
	GlobalSection(ExtensibilityGlobals) = postSolution
		SolutionGuid = {639D26D1-65D2-4E56-8EDA-54D60C29E49C}
	EndGlobalSection
EndGlobal
